
Microsoft Visual Studio Solution File, Format Version 12.00
Project("{FAE04EC0-301F-11D3-BF4B-00C04F79EFBC}") = "LLBLGen.Pagination", "LLBLGen.Pagination\LLBLGen.Pagination.csproj", "{2CA22F88-EC51-44DF-AB78-D171676DE52E}"
EndProject
Global
	GlobalSection(SolutionConfigurationPlatforms) = preSolution
		Debug|Any CPU = Debug|Any CPU
		Release|Any CPU = Release|Any CPU
	EndGlobalSection
	GlobalSection(ProjectConfigurationPlatforms) = postSolution
		{2CA22F88-EC51-44DF-AB78-D171676DE52E}.Debug|Any CPU.ActiveCfg = Debug|Any CPU
		{2CA22F88-EC51-44DF-AB78-D171676DE52E}.Debug|Any CPU.Build.0 = Debug|Any CPU
		{2CA22F88-EC51-44DF-AB78-D171676DE52E}.Release|Any CPU.ActiveCfg = Release|Any CPU
		{2CA22F88-EC51-44DF-AB78-D171676DE52E}.Release|Any CPU.Build.0 = Release|Any CPU
	EndGlobalSection
EndGlobal
